
Microsoft Visual Studio Solution File, Format Version 12.00
# Visual Studio 14
VisualStudioVersion = 14.0.25420.1
MinimumVisualStudioVersion = 10.0.40219.1
Project("{FAE04EC0-301F-11D3-BF4B-00C04F79EFBC}") = "FormBootstrapModal", "FormBootstrapModal\FormBootstrapModal.csproj", "{275D93FD-B6F3-44B9-897C-3EF4BC3C0AAE}"
EndProject
Global
	GlobalSection(SolutionConfigurationPlatforms) = preSolution
		Debug|Any CPU = Debug|Any CPU
		Release|Any CPU = Release|Any CPU
	EndGlobalSection
	GlobalSection(ProjectConfigurationPlatforms) = postSolution
		{275D93FD-B6F3-44B9-897C-3EF4BC3C0AAE}.Debug|Any CPU.ActiveCfg = Debug|Any CPU
		{275D93FD-B6F3-44B9-897C-3EF4BC3C0AAE}.Debug|Any CPU.Build.0 = Debug|Any CPU
		{275D93FD-B6F3-44B9-897C-3EF4BC3C0AAE}.Release|Any CPU.ActiveCfg = Release|Any CPU
		{275D93FD-B6F3-44B9-897C-3EF4BC3C0AAE}.Release|Any CPU.Build.0 = Release|Any CPU
	EndGlobalSection
	GlobalSection(SolutionProperties) = preSolution
		HideSolutionNode = FALSE
	EndGlobalSection
EndGlobal
